 {
            "name": "psy/psysh",
            "version": "v0.11.22",
            "source": {
                "type": "git",
                "url": "https://github.com/bobthecow/psysh.git",
                "reference": "128fa1b608be651999ed9789c95e6e2a31b5802b"
            },
            "dist": {
                "type": "zip",
                "url": "https://api.github.com/repos/bobthecow/psysh/zipball/128fa1b608be651999ed9789c95e6e2a31b5802b",
                "reference": "128fa1b608be651999ed9789c95e6e2a31b5802b",
                "shasum": ""
            },
            "require": {
                "ext-json": "*",
                "ext-tokenizer": "*",
                "nikic/php-parser": "^4.0 || ^3.1",
                "php": "^8.0 || ^7.0.8",
                "symfony/console": "^6.0 || ^5.0 || ^4.0 || ^3.4",
                "symfony/var-dumper": "^6.0 || ^5.0 || ^4.0 || ^3.4"
            },
            "conflict": {
                "symfony/console": "4.4.37 || 5.3.14 || 5.3.15 || 5.4.3 || 5.4.4 || 6.0.3 || 6.0.4"
            },
            "require-dev": {
                "bamarni/composer-bin-plugin": "^1.2"
            },
            "suggest": {
                "ext-pcntl": "Enabling the PCNTL extension makes PsySH a lot happier :)",
                "ext-pdo-sqlite": "The doc command requires SQLite to work.",
                "ext-posix": "If you have PCNTL, you'll want the POSIX extension as well.",
                "ext-readline": "Enables support for arrow-key history navigation, and showing and manipulating command history."
            },
            "bin": [
                "bin/psysh"
            ],
            "type": "library",
            "extra": {
                "branch-alias": {
                    "dev-0.11": "0.11.x-dev"
                },
                "bamarni-bin": {
                    "bin-links": false,
                    "forward-command": false
                }
            },
            "autoload": {
                "files": [
                    "src/functions.php"
                ],
                "psr-4": {
                    "Psy\\": "src/"
                }
            },
            "notification-url": "https://packagist.org/downloads/",
            "license": [
                "MIT"
            ],
            "authors": [
                {
                    "name": "Justin Hileman",
                    "email": "justin@justinhileman.info",
                    "homepage": "http://justinhileman.com"
                }
            ],
            "description": "An interactive shell for modern PHP.",
            "homepage": "http://psysh.org",
            "keywords": [
                "REPL",
                "console",
                "interactive",
                "shell"
            ],
            "support": {
                "issues": "https://github.com/bobthecow/psysh/issues",
                "source": "https://github.com/bobthecow/psysh/tree/v0.11.22"
            },
            "time": "2023-10-14T21:56:36+00:00"
        },